<?xml version="1.0" encoding="utf-8"?>
<Project ToolsVersion="4.0" xmlns="http://schemas.microsoft.com/developer/msbuild/2003">
  <ItemGroup>
    <ClCompile Include="main.cpp" />
    <ClCompile Include="Core\Buttons.cpp" />
    <ClCompile Include="Core\Direction.cpp" />
    <ClCompile Include="Core\Point.cpp" />
    <ClCompile Include="Rendering\Rect.cpp" />
    <ClCompile Include="Rendering\Camera.cpp" />
    <ClCompile Include="UI\GameInfo.cpp" />
    <ClCompile Include="UI\UIStack.cpp" />
  </ItemGroup>
  <ItemGroup>
    <ClInclude Include="Extensions.h" />
    <ClInclude Include="Screens\Screen.h" />
    <ClInclude Include="Screens\Block.h" />
    <ClInclude Include="Core\Point.h" />
    <ClInclude Include="Screens\Ship.h" />
    <ClInclude Include="Screens\Exit.h" />
    <ClInclude Include="ConsoleGameEngine.h" />
    <ClInclude Include="Thunderbirds.h" />
    <ClInclude Include="Core\IPainter.h" />
    <ClInclude Include="Screens\GameObject.h" />
    <ClInclude Include="Screens\IScreen.h" />
    <ClInclude Include="Core\IController.h" />
    <ClInclude Include="Core\Direction.h" />
    <ClInclude Include="Core\Buttons.h" />
    <ClInclude Include="Rendering\Camera.h" />
    <ClInclude Include="Rendering\Rect.h" />
    <ClInclude Include="UI\Menu.h" />
    <ClInclude Include="UI\UIElement.h" />
    <ClInclude Include="Rendering\IRenderer.h" />
    <ClInclude Include="Rendering\Colors.h" />
    <ClInclude Include="UI\GameInfo.h" />
    <ClInclude Include="UI\ScreenSelector.h" />
    <ClInclude Include="UI\UIStack.h" />
    <ClInclude Include="Screens\MoveResult.h" />
  </ItemGroup>
  <ItemGroup>
    <None Include="Assets\Screens\level_2.screen" />
    <None Include="Assets\Screens\level_5.screen" />
    <None Include="Assets\Screens\level_1.screen" />
    <None Include="Assets\Screens\level_3.screen" />
    <None Include="Assets\Screens\level_4.screen" />
    <None Include="Assets\GameInfo\thunderbirds.info" />
  </ItemGroup>
</Project>