<?xml version="1.0" encoding="utf-8"?>
<Project ToolsVersion="4.0" xmlns="http://schemas.microsoft.com/developer/msbuild/2003">
  <ItemGroup>
    <ClCompile Include="main.cpp" />
  </ItemGroup>
  <ItemGroup>
    <ClInclude Include="Extensions.h" />
    <ClInclude Include="Screens\Screen.h" />
    <ClInclude Include="Screens\Block.h" />
    <ClInclude Include="Core\Point.h" />
    <ClInclude Include="Screens\Ship.h" />
    <ClInclude Include="Screens\Exit.h" />
    <ClInclude Include="ConsoleGameEngine.h" />
    <ClInclude Include="Thunderbirds.h" />
    <ClInclude Include="Core\IPainter.h" />
    <ClInclude Include="Screens\GameObject.h" />
    <ClInclude Include="Screens\IScreen.h" />
    <ClInclude Include="Core\IController.h" />
    <ClInclude Include="Core\Direction.h" />
    <ClInclude Include="Core\Buttons.h" />
    <ClInclude Include="Rendering\Camera.h" />
    <ClInclude Include="Rendering\Rect.h" />
  </ItemGroup>
  <ItemGroup>
    <None Include="Levels\level_2.screen" />
    <None Include="Levels\level_5.screen" />
    <None Include="Levels\level_1.screen" />
    <None Include="Levels\level_3.screen" />
    <None Include="Levels\level_4.screen" />
  </ItemGroup>
</Project>